
Microsoft Visual Studio Solution File, Format Version 12.00
# Visual Studio Version 17
VisualStudioVersion = 17.10.34928.147
MinimumVisualStudioVersion = 10.0.40219.1
Project("{9A19103F-16F7-4668-BE54-9A1E7A4F7556}") = "Broadridge", "Broadridge\Broadridge.csproj", "{1915F887-F984-42B7-A52D-FF2C6198DE0F}"
EndProject
Project("{9A19103F-16F7-4668-BE54-9A1E7A4F7556}") = "BroadRidgeTests", "BroadRidgeTests\BroadRidgeTests.csproj", "{A437494C-55C4-475C-9973-9314FA30F634}"
EndProject
Project("{FAE04EC0-301F-11D3-BF4B-00C04F79EFBC}") = "BenchmarkTests", "BenchmarkTests\BenchmarkTests.csproj", "{0C857618-219A-446C-A249-F72C37712ED7}"
EndProject
Global
	GlobalSection(SolutionConfigurationPlatforms) = preSolution
		Debug|Any CPU = Debug|Any CPU
		Release|Any CPU = Release|Any CPU
	EndGlobalSection
	GlobalSection(ProjectConfigurationPlatforms) = postSolution
		{1915F887-F984-42B7-A52D-FF2C6198DE0F}.Debug|Any CPU.ActiveCfg = Debug|Any CPU
		{1915F887-F984-42B7-A52D-FF2C6198DE0F}.Debug|Any CPU.Build.0 = Debug|Any CPU
		{1915F887-F984-42B7-A52D-FF2C6198DE0F}.Release|Any CPU.ActiveCfg = Release|Any CPU
		{1915F887-F984-42B7-A52D-FF2C6198DE0F}.Release|Any CPU.Build.0 = Release|Any CPU
		{A437494C-55C4-475C-9973-9314FA30F634}.Debug|Any CPU.ActiveCfg = Debug|Any CPU
		{A437494C-55C4-475C-9973-9314FA30F634}.Debug|Any CPU.Build.0 = Debug|Any CPU
		{A437494C-55C4-475C-9973-9314FA30F634}.Release|Any CPU.ActiveCfg = Release|Any CPU
		{A437494C-55C4-475C-9973-9314FA30F634}.Release|Any CPU.Build.0 = Release|Any CPU
		{0C857618-219A-446C-A249-F72C37712ED7}.Debug|Any CPU.ActiveCfg = Debug|Any CPU
		{0C857618-219A-446C-A249-F72C37712ED7}.Debug|Any CPU.Build.0 = Debug|Any CPU
		{0C857618-219A-446C-A249-F72C37712ED7}.Release|Any CPU.ActiveCfg = Release|Any CPU
		{0C857618-219A-446C-A249-F72C37712ED7}.Release|Any CPU.Build.0 = Release|Any CPU
	EndGlobalSection
	GlobalSection(SolutionProperties) = preSolution
		HideSolutionNode = FALSE
	EndGlobalSection
	GlobalSection(ExtensibilityGlobals) = postSolution
		SolutionGuid = {73AA17BB-B237-45F6-96FE-F6192F147C72}
	EndGlobalSection
EndGlobal
